// !$*UTF8*$!
{
	archiveVersion = 1;
	classes = {
	};
	objectVersion = 56;
	objects = {

/* Begin PBXBuildFile section */
		CE3BAE6528FA3E7C00B011CA /* AppDelegate.m in Sources */ = {isa = PBXBuildFile; fileRef = CE3BAE6428FA3E7C00B011CA /* AppDelegate.m */; };
		CE3BAE6828FA3E7C00B011CA /* SceneDelegate.m in Sources */ = {isa = PBXBuildFile; fileRef = CE3BAE6728FA3E7C00B011CA /* SceneDelegate.m */; };
		CE3BAE6B28FA3E7C00B011CA /* ViewController.m in Sources */ = {isa = PBXBuildFile; fileRef = CE3BAE6A28FA3E7C00B011CA /* ViewController.m */; };
		CE3BAE6E28FA3E7C00B011CA /* Main.storyboard in Resources */ = {isa = PBXBuildFile; fileRef = CE3BAE6C28FA3E7C00B011CA /* Main.storyboard */; };
		CE3BAE7028FA3E8200B011CA /* Assets.xcassets in Resources */ = {isa = PBXBuildFile; fileRef = CE3BAE6F28FA3E8200B011CA /* Assets.xcassets */; };
		CE3BAE7328FA3E8200B011CA /* LaunchScreen.storyboard in Resources */ = {isa = PBXBuildFile; fileRef = CE3BAE7128FA3E8200B011CA /* LaunchScreen.storyboard */; };
		CE3BAE7628FA3E8200B011CA /* main.m in Sources */ = {isa = PBXBuildFile; fileRef = CE3BAE7528FA3E8200B011CA /* main.m */; };
		CE3BAE8028FA3E8300B011CA /* CalculatorTests.m in Sources */ = {isa = PBXBuildFile; fileRef = CE3BAE7F28FA3E8300B011CA /* CalculatorTests.m */; };
		CE3BAE8A28FA3E8300B011CA /* CalculatorUITests.m in Sources */ = {isa = PBXBuildFile; fileRef = CE3BAE8928FA3E8300B011CA /* CalculatorUITests.m */; };
		CE3BAE8C28FA3E8300B011CA /* CalculatorUITestsLaunchTests.m in Sources */ = {isa = PBXBuildFile; fileRef = CE3BAE8B28FA3E8300B011CA /* CalculatorUITestsLaunchTests.m */; };
/* End PBXBuildFile section */

/* Begin PBXContainerItemProxy section */
		CE3BAE7C28FA3E8300B011CA /* PBXContainerItemProxy */ = {
			isa = PBXContainerItemProxy;
			containerPortal = CE3BAE5828FA3E7C00B011CA /* Project object */;
			proxyType = 1;
			remoteGlobalIDString = CE3BAE5F28FA3E7C00B011CA;
			remoteInfo = Calculator;
		};
		CE3BAE8628FA3E8300B011CA /* PBXContainerItemProxy */ = {
			isa = PBXContainerItemProxy;
			containerPortal = CE3BAE5828FA3E7C00B011CA /* Project object */;
			proxyType = 1;
			remoteGlobalIDString = CE3BAE5F28FA3E7C00B011CA;
			remoteInfo = Calculator;
		};
/* End PBXContainerItemProxy section */

/* Begin PBXFileReference section */
		CE3BAE6028FA3E7C00B011CA /* Calculator.app */ = {isa = PBXFileReference; explicitFileType = wrapper.application; includeInIndex = 0; path = Calculator.app; sourceTree = BUILT_PRODUCTS_DIR; };
		CE3BAE6328FA3E7C00B011CA /* AppDelegate.h */ = {isa = PBXFileReference; lastKnownFileType = sourcecode.c.h; path = AppDelegate.h; sourceTree = "<group>"; };
		CE3BAE6428FA3E7C00B011CA /* AppDelegate.m */ = {isa = PBXFileReference; lastKnownFileType = sourcecode.c.objc; path = AppDelegate.m; sourceTree = "<group>"; };
		CE3BAE6628FA3E7C00B011CA /* SceneDelegate.h */ = {isa = PBXFileReference; lastKnownFileType = sourcecode.c.h; path = SceneDelegate.h; sourceTree = "<group>"; };
		CE3BAE6728FA3E7C00B011CA /* SceneDelegate.m */ = {isa = PBXFileReference; lastKnownFileType = sourcecode.c.objc; path = SceneDelegate.m; sourceTree = "<group>"; };
		CE3BAE6928FA3E7C00B011CA /* ViewController.h */ = {isa = PBXFileReference; lastKnownFileType = sourcecode.c.h; path = ViewController.h; sourceTree = "<group>"; };
		CE3BAE6A28FA3E7C00B011CA /* ViewController.m */ = {isa = PBXFileReference; lastKnownFileType = sourcecode.c.objc; path = ViewController.m; sourceTree = "<group>"; };
		CE3BAE6D28FA3E7C00B011CA /* Base */ = {isa = PBXFileReference; lastKnownFileType = file.storyboard; name = Base; path = Base.lproj/Main.storyboard; sourceTree = "<group>"; };
		CE3BAE6F28FA3E8200B011CA /* Assets.xcassets */ = {isa = PBXFileReference; lastKnownFileType = folder.assetcatalog; path = Assets.xcassets; sourceTree = "<group>"; };
		CE3BAE7228FA3E8200B011CA /* Base */ = {isa = PBXFileReference; lastKnownFileType = file.storyboard; name = Base; path = Base.lproj/LaunchScreen.storyboard; sourceTree = "<group>"; };
		CE3BAE7428FA3E8200B011CA /* Info.plist */ = {isa = PBXFileReference; lastKnownFileType = text.plist.xml; path = Info.plist; sourceTree = "<group>"; };
		CE3BAE7528FA3E8200B011CA /* main.m */ = {isa = PBXFileReference; lastKnownFileType = sourcecode.c.objc; path = main.m; sourceTree = "<group>"; };
		CE3BAE7B28FA3E8300B011CA /* CalculatorTests.xctest */ = {isa = PBXFileReference; explicitFileType = wrapper.cfbundle; includeInIndex = 0; path = CalculatorTests.xctest; sourceTree = BUILT_PRODUCTS_DIR; };
		CE3BAE7F28FA3E8300B011CA /* CalculatorTests.m */ = {isa = PBXFileReference; lastKnownFileType = sourcecode.c.objc; path = CalculatorTests.m; sourceTree = "<group>"; };
		CE3BAE8528FA3E8300B011CA /* CalculatorUITests.xctest */ = {isa = PBXFileReference; explicitFileType = wrapper.cfbundle; includeInIndex = 0; path = CalculatorUITests.xctest; sourceTree = BUILT_PRODUCTS_DIR; };
		CE3BAE8928FA3E8300B011CA /* CalculatorUITests.m */ = {isa = PBXFileReference; lastKnownFileType = sourcecode.c.objc; path = CalculatorUITests.m; sourceTree = "<group>"; };
		CE3BAE8B28FA3E8300B011CA /* CalculatorUITestsLaunchTests.m */ = {isa = PBXFileReference; lastKnownFileType = sourcecode.c.objc; path = CalculatorUITestsLaunchTests.m; sourceTree = "<group>"; };
/* End PBXFileReference section */

/* Begin PBXFrameworksBuildPhase section */
		CE3BAE5D28FA3E7C00B011CA /* Frameworks */ = {
			isa = PBXFrameworksBuildPhase;
			buildActionMask = 2147483647;
			files = (
			);
			runOnlyForDeploymentPostprocessing = 0;
		};
		CE3BAE7828FA3E8300B011CA /* Frameworks */ = {
			isa = PBXFrameworksBuildPhase;
			buildActionMask = 2147483647;
			files = (
			);
			runOnlyForDeploymentPostprocessing = 0;
		};
		CE3BAE8228FA3E8300B011CA /* Frameworks */ = {
			isa = PBXFrameworksBuildPhase;
			buildActionMask = 2147483647;
			files = (
			);
			runOnlyForDeploymentPostprocessing = 0;
		};
/* End PBXFrameworksBuildPhase section */

/* Begin PBXGroup section */
		CE3BAE5728FA3E7C00B011CA = {
			isa = PBXGroup;
			children = (
				CE3BAE6228FA3E7C00B011CA /* Calculator */,
				CE3BAE7E28FA3E8300B011CA /* CalculatorTests */,
				CE3BAE8828FA3E8300B011CA /* CalculatorUITests */,
				CE3BAE6128FA3E7C00B011CA /* Products */,
			);
			sourceTree = "<group>";
		};
		CE3BAE6128FA3E7C00B011CA /* Products */ = {
			isa = PBXGroup;
			children = (
				CE3BAE6028FA3E7C00B011CA /* Calculator.app */,
				CE3BAE7B28FA3E8300B011CA /* CalculatorTests.xctest */,
				CE3BAE8528FA3E8300B011CA /* CalculatorUITests.xctest */,
			);
			name = Products;
			sourceTree = "<group>";
		};
		CE3BAE6228FA3E7C00B011CA /* Calculator */ = {
			isa = PBXGroup;
			children = (
				CE3BAE6328FA3E7C00B011CA /* AppDelegate.h */,
				CE3BAE6428FA3E7C00B011CA /* AppDelegate.m */,
				CE3BAE6628FA3E7C00B011CA /* SceneDelegate.h */,
				CE3BAE6728FA3E7C00B011CA /* SceneDelegate.m */,
				CE3BAE6928FA3E7C00B011CA /* ViewController.h */,
				CE3BAE6A28FA3E7C00B011CA /* ViewController.m */,
				CE3BAE6C28FA3E7C00B011CA /* Main.storyboard */,
				CE3BAE6F28FA3E8200B011CA /* Assets.xcassets */,
				CE3BAE7128FA3E8200B011CA /* LaunchScreen.storyboard */,
				CE3BAE7428FA3E8200B011CA /* Info.plist */,
				CE3BAE7528FA3E8200B011CA /* main.m */,
			);
			path = Calculator;
			sourceTree = "<group>";
		};
		CE3BAE7E28FA3E8300B011CA /* CalculatorTests */ = {
			isa = PBXGroup;
			children = (
				CE3BAE7F28FA3E8300B011CA /* CalculatorTests.m */,
			);
			path = CalculatorTests;
			sourceTree = "<group>";
		};
		CE3BAE8828FA3E8300B011CA /* CalculatorUITests */ = {
			isa = PBXGroup;
			children = (
				CE3BAE8928FA3E8300B011CA /* CalculatorUITests.m */,
				CE3BAE8B28FA3E8300B011CA /* CalculatorUITestsLaunchTests.m */,
			);
			path = CalculatorUITests;
			sourceTree = "<group>";
		};
/* End PBXGroup section */

/* Begin PBXNativeTarget section */
		CE3BAE5F28FA3E7C00B011CA /* Calculator */ = {
			isa = PBXNativeTarget;
			buildConfigurationList = CE3BAE8F28FA3E8300B011CA /* Build configuration list for PBXNativeTarget "Calculator" */;
			buildPhases = (
				CE3BAE5C28FA3E7C00B011CA /* Sources */,
				CE3BAE5D28FA3E7C00B011CA /* Frameworks */,
				CE3BAE5E28FA3E7C00B011CA /* Resources */,
			);
			buildRules = (
			);
			dependencies = (
			);
			name = Calculator;
			productName = Calculator;
			productReference = CE3BAE6028FA3E7C00B011CA /* Calculator.app */;
			productType = "com.apple.product-type.application";
		};
		CE3BAE7A28FA3E8300B011CA /* CalculatorTests */ = {
			isa = PBXNativeTarget;
			buildConfigurationList = CE3BAE9228FA3E8300B011CA /* Build configuration list for PBXNativeTarget "CalculatorTests" */;
			buildPhases = (
				CE3BAE7728FA3E8300B011CA /* Sources */,
				CE3BAE7828FA3E8300B011CA /* Frameworks */,
				CE3BAE7928FA3E8300B011CA /* Resources */,
			);
			buildRules = (
			);
			dependencies = (
				CE3BAE7D28FA3E8300B011CA /* PBXTargetDependency */,
			);
			name = CalculatorTests;
			productName = CalculatorTests;
			productReference = CE3BAE7B28FA3E8300B011CA /* CalculatorTests.xctest */;
			productType = "com.apple.product-type.bundle.unit-test";
		};
		CE3BAE8428FA3E8300B011CA /* CalculatorUITests */ = {
			isa = PBXNativeTarget;
			buildConfigurationList = CE3BAE9528FA3E8300B011CA /* Build configuration list for PBXNativeTarget "CalculatorUITests" */;
			buildPhases = (
				CE3BAE8128FA3E8300B011CA /* Sources */,
				CE3BAE8228FA3E8300B011CA /* Frameworks */,
				CE3BAE8328FA3E8300B011CA /* Resources */,
			);
			buildRules = (
			);
			dependencies = (
				CE3BAE8728FA3E8300B011CA /* PBXTargetDependency */,
			);
			name = CalculatorUITests;
			productName = CalculatorUITests;
			productReference = CE3BAE8528FA3E8300B011CA /* CalculatorUITests.xctest */;
			productType = "com.apple.product-type.bundle.ui-testing";
		};
/* End PBXNativeTarget section */

/* Begin PBXProject section */
		CE3BAE5828FA3E7C00B011CA /* Project object */ = {
			isa = PBXProject;
			attributes = {
				BuildIndependentTargetsInParallel = 1;
				LastUpgradeCheck = 1400;
				TargetAttributes = {
					CE3BAE5F28FA3E7C00B011CA = {
						CreatedOnToolsVersion = 14.0;
					};
					CE3BAE7A28FA3E8300B011CA = {
						CreatedOnToolsVersion = 14.0;
						TestTargetID = CE3BAE5F28FA3E7C00B011CA;
					};
					CE3BAE8428FA3E8300B011CA = {
						CreatedOnToolsVersion = 14.0;
						TestTargetID = CE3BAE5F28FA3E7C00B011CA;
					};
				};
			};
			buildConfigurationList = CE3BAE5B28FA3E7C00B011CA /* Build configuration list for PBXProject "Calculator" */;
			compatibilityVersion = "Xcode 14.0";
			developmentRegion = en;
			hasScannedForEncodings = 0;
			knownRegions = (
				en,
				Base,
			);
			mainGroup = CE3BAE5728FA3E7C00B011CA;
			productRefGroup = CE3BAE6128FA3E7C00B011CA /* Products */;
			projectDirPath = "";
			projectRoot = "";
			targets = (
				CE3BAE5F28FA3E7C00B011CA /* Calculator */,
				CE3BAE7A28FA3E8300B011CA /* CalculatorTests */,
				CE3BAE8428FA3E8300B011CA /* CalculatorUITests */,
			);
		};
/* End PBXProject section */

/* Begin PBXResourcesBuildPhase section */
		CE3BAE5E28FA3E7C00B011CA /* Resources */ = {
			isa = PBXResourcesBuildPhase;
			buildActionMask = 2147483647;
			files = (
				CE3BAE7328FA3E8200B011CA /* LaunchScreen.storyboard in Resources */,
				CE3BAE7028FA3E8200B011CA /* Assets.xcassets in Resources */,
				CE3BAE6E28FA3E7C00B011CA /* Main.storyboard in Resources */,
			);
			runOnlyForDeploymentPostprocessing = 0;
		};
		CE3BAE7928FA3E8300B011CA /* Resources */ = {
			isa = PBXResourcesBuildPhase;
			buildActionMask = 2147483647;
			files = (
			);
			runOnlyForDeploymentPostprocessing = 0;
		};
		CE3BAE8328FA3E8300B011CA /* Resources */ = {
			isa = PBXResourcesBuildPhase;
			buildActionMask = 2147483647;
			files = (
			);
			runOnlyForDeploymentPostprocessing = 0;
		};
/* End PBXResourcesBuildPhase section */

/* Begin PBXSourcesBuildPhase section */
		CE3BAE5C28FA3E7C00B011CA /* Sources */ = {
			isa = PBXSourcesBuildPhase;
			buildActionMask = 2147483647;
			files = (
				CE3BAE6B28FA3E7C00B011CA /* ViewController.m in Sources */,
				CE3BAE6528FA3E7C00B011CA /* AppDelegate.m in Sources */,
				CE3BAE7628FA3E8200B011CA /* main.m in Sources */,
				CE3BAE6828FA3E7C00B011CA /* SceneDelegate.m in Sources */,
			);
			runOnlyForDeploymentPostprocessing = 0;
		};
		CE3BAE7728FA3E8300B011CA /* Sources */ = {
			isa = PBXSourcesBuildPhase;
			buildActionMask = 2147483647;
			files = (
				CE3BAE8028FA3E8300B011CA /* CalculatorTests.m in Sources */,
			);
			runOnlyForDeploymentPostprocessing = 0;
		};
		CE3BAE8128FA3E8300B011CA /* Sources */ = {
			isa = PBXSourcesBuildPhase;
			buildActionMask = 2147483647;
			files = (
				CE3BAE8C28FA3E8300B011CA /* CalculatorUITestsLaunchTests.m in Sources */,
				CE3BAE8A28FA3E8300B011CA /* CalculatorUITests.m in Sources */,
			);
			runOnlyForDeploymentPostprocessing = 0;
		};
/* End PBXSourcesBuildPhase section */

/* Begin PBXTargetDependency section */
		CE3BAE7D28FA3E8300B011CA /* PBXTargetDependency */ = {
			isa = PBXTargetDependency;
			target = CE3BAE5F28FA3E7C00B011CA /* Calculator */;
			targetProxy = CE3BAE7C28FA3E8300B011CA /* PBXContainerItemProxy */;
		};
		CE3BAE8728FA3E8300B011CA /* PBXTargetDependency */ = {
			isa = PBXTargetDependency;
			target = CE3BAE5F28FA3E7C00B011CA /* Calculator */;
			targetProxy = CE3BAE8628FA3E8300B011CA /* PBXContainerItemProxy */;
		};
/* End PBXTargetDependency section */

/* Begin PBXVariantGroup section */
		CE3BAE6C28FA3E7C00B011CA /* Main.storyboard */ = {
			isa = PBXVariantGroup;
			children = (
				CE3BAE6D28FA3E7C00B011CA /* Base */,
			);
			name = Main.storyboard;
			sourceTree = "<group>";
		};
		CE3BAE7128FA3E8200B011CA /* LaunchScreen.storyboard */ = {
			isa = PBXVariantGroup;
			children = (
				CE3BAE7228FA3E8200B011CA /* Base */,
			);
			name = LaunchScreen.storyboard;
			sourceTree = "<group>";
		};
/* End PBXVariantGroup section */

/* Begin XCBuildConfiguration section */
		CE3BAE8D28FA3E8300B011CA /* Debug */ = {
			isa = XCBuildConfiguration;
			buildSettings = {
				ALWAYS_SEARCH_USER_PATHS = NO;
				CLANG_ANALYZER_NONNULL = YES;
				CLANG_ANALYZER_NUMBER_OBJECT_CONVERSION = YES_AGGRESSIVE;
				CLANG_CXX_LANGUAGE_STANDARD = "gnu++20";
				CLANG_ENABLE_MODULES = YES;
				CLANG_ENABLE_OBJC_ARC = YES;
				CLANG_ENABLE_OBJC_WEAK = YES;
				CLANG_WARN_BLOCK_CAPTURE_AUTORELEASING = YES;
				CLANG_WARN_BOOL_CONVERSION = YES;
				CLANG_WARN_COMMA = YES;
				CLANG_WARN_CONSTANT_CONVERSION = YES;
				CLANG_WARN_DEPRECATED_OBJC_IMPLEMENTATIONS = YES;
				CLANG_WARN_DIRECT_OBJC_ISA_USAGE = YES_ERROR;
				CLANG_WARN_DOCUMENTATION_COMMENTS = YES;
				CLANG_WARN_EMPTY_BODY = YES;
				CLANG_WARN_ENUM_CONVERSION = YES;
				CLANG_WARN_INFINITE_RECURSION = YES;
				CLANG_WARN_INT_CONVERSION = YES;
				CLANG_WARN_NON_LITERAL_NULL_CONVERSION = YES;
				CLANG_WARN_OBJC_IMPLICIT_RETAIN_SELF = YES;
				CLANG_WARN_OBJC_LITERAL_CONVERSION = YES;
				CLANG_WARN_OBJC_ROOT_CLASS = YES_ERROR;
				CLANG_WARN_QUOTED_INCLUDE_IN_FRAMEWORK_HEADER = YES;
				CLANG_WARN_RANGE_LOOP_ANALYSIS = YES;
				CLANG_WARN_STRICT_PROTOTYPES = YES;
				CLANG_WARN_SUSPICIOUS_MOVE = YES;
				CLANG_WARN_UNGUARDED_AVAILABILITY = YES_AGGRESSIVE;
				CLANG_WARN_UNREACHABLE_CODE = YES;
				CLANG_WARN__DUPLICATE_METHOD_MATCH = YES;
				COPY_PHASE_STRIP = NO;
				DEBUG_INFORMATION_FORMAT = dwarf;
				ENABLE_STRICT_OBJC_MSGSEND = YES;
				ENABLE_TESTABILITY = YES;
				GCC_C_LANGUAGE_STANDARD = gnu11;
				GCC_DYNAMIC_NO_PIC = NO;
				GCC_NO_COMMON_BLOCKS = YES;
				GCC_OPTIMIZATION_LEVEL = 0;
				GCC_PREPROCESSOR_DEFINITIONS = (
					"DEBUG=1",
					"$(inherited)",
				);
				GCC_WARN_64_TO_32_BIT_CONVERSION = YES;
				GCC_WARN_ABOUT_RETURN_TYPE = YES_ERROR;
				GCC_WARN_UNDECLARED_SELECTOR = YES;
				GCC_WARN_UNINITIALIZED_AUTOS = YES_AGGRESSIVE;
				GCC_WARN_UNUSED_FUNCTION = YES;
				GCC_WARN_UNUSED_VARIABLE = YES;
				IPHONEOS_DEPLOYMENT_TARGET = 16.0;
				MTL_ENABLE_DEBUG_INFO = INCLUDE_SOURCE;
				MTL_FAST_MATH = YES;
				ONLY_ACTIVE_ARCH = YES;
				SDKROOT = iphoneos;
			};
			name = Debug;
		};
		CE3BAE8E28FA3E8300B011CA /* Release */ = {
			isa = XCBuildConfiguration;
			buildSettings = {
				ALWAYS_SEARCH_USER_PATHS = NO;
				CLANG_ANALYZER_NONNULL = YES;
				CLANG_ANALYZER_NUMBER_OBJECT_CONVERSION = YES_AGGRESSIVE;
				CLANG_CXX_LANGUAGE_STANDARD = "gnu++20";
				CLANG_ENABLE_MODULES = YES;
				CLANG_ENABLE_OBJC_ARC = YES;
				CLANG_ENABLE_OBJC_WEAK = YES;
				CLANG_WARN_BLOCK_CAPTURE_AUTORELEASING = YES;
				CLANG_WARN_BOOL_CONVERSION = YES;
				CLANG_WARN_COMMA = YES;
				CLANG_WARN_CONSTANT_CONVERSION = YES;
				CLANG_WARN_DEPRECATED_OBJC_IMPLEMENTATIONS = YES;
				CLANG_WARN_DIRECT_OBJC_ISA_USAGE = YES_ERROR;
				CLANG_WARN_DOCUMENTATION_COMMENTS = YES;
				CLANG_WARN_EMPTY_BODY = YES;
				CLANG_WARN_ENUM_CONVERSION = YES;
				CLANG_WARN_INFINITE_RECURSION = YES;
				CLANG_WARN_INT_CONVERSION = YES;
				CLANG_WARN_NON_LITERAL_NULL_CONVERSION = YES;
				CLANG_WARN_OBJC_IMPLICIT_RETAIN_SELF = YES;
				CLANG_WARN_OBJC_LITERAL_CONVERSION = YES;
				CLANG_WARN_OBJC_ROOT_CLASS = YES_ERROR;
				CLANG_WARN_QUOTED_INCLUDE_IN_FRAMEWORK_HEADER = YES;
				CLANG_WARN_RANGE_LOOP_ANALYSIS = YES;
				CLANG_WARN_STRICT_PROTOTYPES = YES;
				CLANG_WARN_SUSPICIOUS_MOVE = YES;
				CLANG_WARN_UNGUARDED_AVAILABILITY = YES_AGGRESSIVE;
				CLANG_WARN_UNREACHABLE_CODE = YES;
				CLANG_WARN__DUPLICATE_METHOD_MATCH = YES;
				COPY_PHASE_STRIP = NO;
				DEBUG_INFORMATION_FORMAT = "dwarf-with-dsym";
				ENABLE_NS_ASSERTIONS = NO;
				ENABLE_STRICT_OBJC_MSGSEND = YES;
				GCC_C_LANGUAGE_STANDARD = gnu11;
				GCC_NO_COMMON_BLOCKS = YES;
				GCC_WARN_64_TO_32_BIT_CONVERSION = YES;
				GCC_WARN_ABOUT_RETURN_TYPE = YES_ERROR;
				GCC_WARN_UNDECLARED_SELECTOR = YES;
				GCC_WARN_UNINITIALIZED_AUTOS = YES_AGGRESSIVE;
				GCC_WARN_UNUSED_FUNCTION = YES;
				GCC_WARN_UNUSED_VARIABLE = YES;
				IPHONEOS_DEPLOYMENT_TARGET = 16.0;
				MTL_ENABLE_DEBUG_INFO = NO;
				MTL_FAST_MATH = YES;
				SDKROOT = iphoneos;
				VALIDATE_PRODUCT = YES;
			};
			name = Release;
		};
		CE3BAE9028FA3E8300B011CA /* Debug */ = {
			isa = XCBuildConfiguration;
			buildSettings = {
				ASSETCATALOG_COMPILER_APPICON_NAME = AppIcon;
				ASSETCATALOG_COMPILER_GLOBAL_ACCENT_COLOR_NAME = AccentColor;
				CODE_SIGN_STYLE = Automatic;
				CURRENT_PROJECT_VERSION = 1;
				DEVELOPMENT_TEAM = 2U56DP6BMP;
				GENERATE_INFOPLIST_FILE = YES;
				INFOPLIST_FILE = Calculator/Info.plist;
				INFOPLIST_KEY_UIApplicationSupportsIndirectInputEvents = YES;
				INFOPLIST_KEY_UILaunchStoryboardName = LaunchScreen;
				INFOPLIST_KEY_UIMainStoryboardFile = Main;
				INFOPLIST_KEY_UIStatusBarStyle = UIStatusBarStyleLightContent;
				INFOPLIST_KEY_UISupportedInterfaceOrientations_iPad = "UIInterfaceOrientationPortrait UIInterfaceOrientationPortraitUpsideDown UIInterfaceOrientationLandscapeLeft UIInterfaceOrientationLandscapeRight";
				INFOPLIST_KEY_UISupportedInterfaceOrientations_iPhone = "UIInterfaceOrientationPortrait UIInterfaceOrientationLandscapeLeft UIInterfaceOrientationLandscapeRight";
				LD_RUNPATH_SEARCH_PATHS = (
					"$(inherited)",
					"@executable_path/Frameworks",
				);
				MARKETING_VERSION = 1.0;
				PRODUCT_BUNDLE_IDENTIFIER = com.andrealmeida.Calculator;
				PRODUCT_NAME = "$(TARGET_NAME)";
				SWIFT_EMIT_LOC_STRINGS = YES;
				TARGETED_DEVICE_FAMILY = "1,2";
			};
			name = Debug;
		};
		CE3BAE9128FA3E8300B011CA /* Release */ = {
			isa = XCBuildConfiguration;
			buildSettings = {
				ASSETCATALOG_COMPILER_APPICON_NAME = AppIcon;
				ASSETCATALOG_COMPILER_GLOBAL_ACCENT_COLOR_NAME = AccentColor;
				CODE_SIGN_STYLE = Automatic;
				CURRENT_PROJECT_VERSION = 1;
				DEVELOPMENT_TEAM = 2U56DP6BMP;
				GENERATE_INFOPLIST_FILE = YES;
				INFOPLIST_FILE = Calculator/Info.plist;
				INFOPLIST_KEY_UIApplicationSupportsIndirectInputEvents = YES;
				INFOPLIST_KEY_UILaunchStoryboardName = LaunchScreen;
				INFOPLIST_KEY_UIMainStoryboardFile = Main;
				INFOPLIST_KEY_UIStatusBarStyle = UIStatusBarStyleLightContent;
				INFOPLIST_KEY_UISupportedInterfaceOrientations_iPad = "UIInterfaceOrientationPortrait UIInterfaceOrientationPortraitUpsideDown UIInterfaceOrientationLandscapeLeft UIInterfaceOrientationLandscapeRight";
				INFOPLIST_KEY_UISupportedInterfaceOrientations_iPhone = "UIInterfaceOrientationPortrait UIInterfaceOrientationLandscapeLeft UIInterfaceOrientationLandscapeRight";
				LD_RUNPATH_SEARCH_PATHS = (
					"$(inherited)",
					"@executable_path/Frameworks",
				);
				MARKETING_VERSION = 1.0;
				PRODUCT_BUNDLE_IDENTIFIER = com.andrealmeida.Calculator;
				PRODUCT_NAME = "$(TARGET_NAME)";
				SWIFT_EMIT_LOC_STRINGS = YES;
				TARGETED_DEVICE_FAMILY = "1,2";
			};
			name = Release;
		};
		CE3BAE9328FA3E8300B011CA /* Debug */ = {
			isa = XCBuildConfiguration;
			buildSettings = {
				BUNDLE_LOADER = "$(TEST_HOST)";
				CODE_SIGN_STYLE = Automatic;
				CURRENT_PROJECT_VERSION = 1;
				DEVELOPMENT_TEAM = 2U56DP6BMP;
				GENERATE_INFOPLIST_FILE = YES;
				IPHONEOS_DEPLOYMENT_TARGET = 16.0;
				MARKETING_VERSION = 1.0;
				PRODUCT_BUNDLE_IDENTIFIER = com.andrealmeida.CalculatorTests;
				PRODUCT_NAME = "$(TARGET_NAME)";
				SWIFT_EMIT_LOC_STRINGS = NO;
				TARGETED_DEVICE_FAMILY = "1,2";
				TEST_HOST = "$(BUILT_PRODUCTS_DIR)/Calculator.app/$(BUNDLE_EXECUTABLE_FOLDER_PATH)/Calculator";
			};
			name = Debug;
		};
		CE3BAE9428FA3E8300B011CA /* Release */ = {
			isa = XCBuildConfiguration;
			buildSettings = {
				BUNDLE_LOADER = "$(TEST_HOST)";
				CODE_SIGN_STYLE = Automatic;
				CURRENT_PROJECT_VERSION = 1;
				DEVELOPMENT_TEAM = 2U56DP6BMP;
				GENERATE_INFOPLIST_FILE = YES;
				IPHONEOS_DEPLOYMENT_TARGET = 16.0;
				MARKETING_VERSION = 1.0;
				PRODUCT_BUNDLE_IDENTIFIER = com.andrealmeida.CalculatorTests;
				PRODUCT_NAME = "$(TARGET_NAME)";
				SWIFT_EMIT_LOC_STRINGS = NO;
				TARGETED_DEVICE_FAMILY = "1,2";
				TEST_HOST = "$(BUILT_PRODUCTS_DIR)/Calculator.app/$(BUNDLE_EXECUTABLE_FOLDER_PATH)/Calculator";
			};
			name = Release;
		};
		CE3BAE9628FA3E8300B011CA /* Debug */ = {
			isa = XCBuildConfiguration;
			buildSettings = {
				CODE_SIGN_STYLE = Automatic;
				CURRENT_PROJECT_VERSION = 1;
				DEVELOPMENT_TEAM = 2U56DP6BMP;
				GENERATE_INFOPLIST_FILE = YES;
				MARKETING_VERSION = 1.0;
				PRODUCT_BUNDLE_IDENTIFIER = com.andrealmeida.CalculatorUITests;
				PRODUCT_NAME = "$(TARGET_NAME)";
				SWIFT_EMIT_LOC_STRINGS = NO;
				TARGETED_DEVICE_FAMILY = "1,2";
				TEST_TARGET_NAME = Calculator;
			};
			name = Debug;
		};
		CE3BAE9728FA3E8300B011CA /* Release */ = {
			isa = XCBuildConfiguration;
			buildSettings = {
				CODE_SIGN_STYLE = Automatic;
				CURRENT_PROJECT_VERSION = 1;
				DEVELOPMENT_TEAM = 2U56DP6BMP;
				GENERATE_INFOPLIST_FILE = YES;
				MARKETING_VERSION = 1.0;
				PRODUCT_BUNDLE_IDENTIFIER = com.andrealmeida.CalculatorUITests;
				PRODUCT_NAME = "$(TARGET_NAME)";
				SWIFT_EMIT_LOC_STRINGS = NO;
				TARGETED_DEVICE_FAMILY = "1,2";
				TEST_TARGET_NAME = Calculator;
			};
			name = Release;
		};
/* End XCBuildConfiguration section */

/* Begin XCConfigurationList section */
		CE3BAE5B28FA3E7C00B011CA /* Build configuration list for PBXProject "Calculator" */ = {
			isa = XCConfigurationList;
			buildConfigurations = (
				CE3BAE8D28FA3E8300B011CA /* Debug */,
				CE3BAE8E28FA3E8300B011CA /* Release */,
			);
			defaultConfigurationIsVisible = 0;
			defaultConfigurationName = Release;
		};
		CE3BAE8F28FA3E8300B011CA /* Build configuration list for PBXNativeTarget "Calculator" */ = {
			isa = XCConfigurationList;
			buildConfigurations = (
				CE3BAE9028FA3E8300B011CA /* Debug */,
				CE3BAE9128FA3E8300B011CA /* Release */,
			);
			defaultConfigurationIsVisible = 0;
			defaultConfigurationName = Release;
		};
		CE3BAE9228FA3E8300B011CA /* Build configuration list for PBXNativeTarget "CalculatorTests" */ = {
			isa = XCConfigurationList;
			buildConfigurations = (
				CE3BAE9328FA3E8300B011CA /* Debug */,
				CE3BAE9428FA3E8300B011CA /* Release */,
			);
			defaultConfigurationIsVisible = 0;
			defaultConfigurationName = Release;
		};
		CE3BAE9528FA3E8300B011CA /* Build configuration list for PBXNativeTarget "CalculatorUITests" */ = {
			isa = XCConfigurationList;
			buildConfigurations = (
				CE3BAE9628FA3E8300B011CA /* Debug */,
				CE3BAE9728FA3E8300B011CA /* Release */,
			);
			defaultConfigurationIsVisible = 0;
			defaultConfigurationName = Release;
		};
/* End XCConfigurationList section */
	};
	rootObject = CE3BAE5828FA3E7C00B011CA /* Project object */;
}
